<Solution>
  <Folder Name="/Demo/" Id="02ea681e-c7d8-13c7-8484-4ac65e1b71e8">
    <Project Path="demo/ADCS.CertMod.Demo/ADCS.CertMod.Demo.csproj" />
  </Folder>
  <Folder Name="/Solution Items/">
    <File Path=".editorconfig" />
  </Folder>
  <Project Path="ADCS.CertMod.Managed/ADCS.CertMod.Managed.csproj" Id="800dc7b7-b860-44c1-b074-512bf3c70ac6" />
</Solution>
